
Microsoft Visual Studio Solution File, Format Version 12.00
# Visual Studio Version 17
VisualStudioVersion = 17.13.35806.99 d17.13
MinimumVisualStudioVersion = 10.0.40219.1
Project("{FAE04EC0-301F-11D3-BF4B-00C04F79EFBC}") = "ColorSections Code", "ColorSections Code.csproj", "{3D8C6F68-6399-4CFA-B4C0-BAC8FC9C3120}"
EndProject
Global
	GlobalSection(SolutionConfigurationPlatforms) = preSolution
		Debug|Any CPU = Debug|Any CPU
		Release|Any CPU = Release|Any CPU
	EndGlobalSection
	GlobalSection(ProjectConfigurationPlatforms) = postSolution
		{3D8C6F68-6399-4CFA-B4C0-BAC8FC9C3120}.Debug|Any CPU.ActiveCfg = Debug|Any CPU
		{3D8C6F68-6399-4CFA-B4C0-BAC8FC9C3120}.Debug|Any CPU.Build.0 = Debug|Any CPU
		{3D8C6F68-6399-4CFA-B4C0-BAC8FC9C3120}.Release|Any CPU.ActiveCfg = Release|Any CPU
		{3D8C6F68-6399-4CFA-B4C0-BAC8FC9C3120}.Release|Any CPU.Build.0 = Release|Any CPU
	EndGlobalSection
	GlobalSection(SolutionProperties) = preSolution
		HideSolutionNode = FALSE
	EndGlobalSection
	GlobalSection(ExtensibilityGlobals) = postSolution
		SolutionGuid = {40F7672C-5F64-4483-A5C9-76C4E36AABBB}
	EndGlobalSection
EndGlobal
