Microsoft Visual Studio Solution File, Format Version 12.00
# Visual Studio Version 17
VisualStudioVersion = 17.13.35731.43
MinimumVisualStudioVersion = 10.0.40219.1
Project("{FAE04EC0-301F-11D3-BF4B-00C04F79EFBC}") = "03 Celsius a Fahrenheit", "03 Celsius a Fahrenheit.csproj", "{BF9EBEA7-7B9F-4548-A72E-B8E5A4578E89}"
EndProject
Global
	GlobalSection(SolutionConfigurationPlatforms) = preSolution
		Debug|Any CPU = Debug|Any CPU
		Release|Any CPU = Release|Any CPU
	EndGlobalSection
	GlobalSection(ProjectConfigurationPlatforms) = postSolution
		{BF9EBEA7-7B9F-4548-A72E-B8E5A4578E89}.Debug|Any CPU.ActiveCfg = Debug|Any CPU
		{BF9EBEA7-7B9F-4548-A72E-B8E5A4578E89}.Debug|Any CPU.Build.0 = Debug|Any CPU
		{BF9EBEA7-7B9F-4548-A72E-B8E5A4578E89}.Release|Any CPU.ActiveCfg = Release|Any CPU
		{BF9EBEA7-7B9F-4548-A72E-B8E5A4578E89}.Release|Any CPU.Build.0 = Release|Any CPU
	EndGlobalSection
	GlobalSection(SolutionProperties) = preSolution
		HideSolutionNode = FALSE
	EndGlobalSection
	GlobalSection(ExtensibilityGlobals) = postSolution
		SolutionGuid = {17638AFD-E25C-4F44-B02A-D203E51C952F}
	EndGlobalSection
EndGlobal
